
Microsoft Visual Studio Solution File, Format Version 12.00
# Visual Studio Version 17
VisualStudioVersion = 17.1.32421.90
MinimumVisualStudioVersion = 10.0.40219.1
Project("{FAE04EC0-301F-11D3-BF4B-00C04F79EFBC}") = "ExercicioTabuada", "ExercicioTabuada.csproj", "{933314A2-09CF-4004-8777-70702E248F49}"
EndProject
Global
	GlobalSection(SolutionConfigurationPlatforms) = preSolution
		Debug|Any CPU = Debug|Any CPU
		Release|Any CPU = Release|Any CPU
	EndGlobalSection
	GlobalSection(ProjectConfigurationPlatforms) = postSolution
		{933314A2-09CF-4004-8777-70702E248F49}.Debug|Any CPU.ActiveCfg = Debug|Any CPU
		{933314A2-09CF-4004-8777-70702E248F49}.Debug|Any CPU.Build.0 = Debug|Any CPU
		{933314A2-09CF-4004-8777-70702E248F49}.Release|Any CPU.ActiveCfg = Release|Any CPU
		{933314A2-09CF-4004-8777-70702E248F49}.Release|Any CPU.Build.0 = Release|Any CPU
	EndGlobalSection
	GlobalSection(SolutionProperties) = preSolution
		HideSolutionNode = FALSE
	EndGlobalSection
	GlobalSection(ExtensibilityGlobals) = postSolution
		SolutionGuid = {E1AEFFDA-09A6-40AD-9D0A-53E533A593EC}
	EndGlobalSection
EndGlobal
